
Microsoft Visual Studio Solution File, Format Version 12.00
# Visual Studio Version 17
VisualStudioVersion = 17.3.32819.101
MinimumVisualStudioVersion = 10.0.40219.1
Project("{FAE04EC0-301F-11D3-BF4B-00C04F79EFBC}") = "Jogo_Da_Velha", "Jogo Da Velha\Jogo_Da_Velha.csproj", "{3A6D2166-269C-4119-88FF-AE04CEE6DC7F}"
EndProject
Global
	GlobalSection(SolutionConfigurationPlatforms) = preSolution
		Debug|Any CPU = Debug|Any CPU
		Release|Any CPU = Release|Any CPU
	EndGlobalSection
	GlobalSection(ProjectConfigurationPlatforms) = postSolution
		{3A6D2166-269C-4119-88FF-AE04CEE6DC7F}.Debug|Any CPU.ActiveCfg = Debug|Any CPU
		{3A6D2166-269C-4119-88FF-AE04CEE6DC7F}.Debug|Any CPU.Build.0 = Debug|Any CPU
		{3A6D2166-269C-4119-88FF-AE04CEE6DC7F}.Release|Any CPU.ActiveCfg = Release|Any CPU
		{3A6D2166-269C-4119-88FF-AE04CEE6DC7F}.Release|Any CPU.Build.0 = Release|Any CPU
	EndGlobalSection
	GlobalSection(SolutionProperties) = preSolution
		HideSolutionNode = FALSE
	EndGlobalSection
	GlobalSection(ExtensibilityGlobals) = postSolution
		SolutionGuid = {AC5BB9CA-BD74-4345-9B09-27A44A37B1D6}
	EndGlobalSection
EndGlobal
